
Microsoft Visual Studio Solution File, Format Version 12.00
# Visual Studio Version 17
VisualStudioVersion = 17.10.34916.146
MinimumVisualStudioVersion = 10.0.40219.1
Project("{FAE04EC0-301F-11D3-BF4B-00C04F79EFBC}") = "SphereClass", "SphereClass\SphereClass.csproj", "{4706ED2E-0696-4B71-987A-C9D21FA17491}"
EndProject
Global
	GlobalSection(SolutionConfigurationPlatforms) = preSolution
		Debug|Any CPU = Debug|Any CPU
		Release|Any CPU = Release|Any CPU
	EndGlobalSection
	GlobalSection(ProjectConfigurationPlatforms) = postSolution
		{4706ED2E-0696-4B71-987A-C9D21FA17491}.Debug|Any CPU.ActiveCfg = Debug|Any CPU
		{4706ED2E-0696-4B71-987A-C9D21FA17491}.Debug|Any CPU.Build.0 = Debug|Any CPU
		{4706ED2E-0696-4B71-987A-C9D21FA17491}.Release|Any CPU.ActiveCfg = Release|Any CPU
		{4706ED2E-0696-4B71-987A-C9D21FA17491}.Release|Any CPU.Build.0 = Release|Any CPU
	EndGlobalSection
	GlobalSection(SolutionProperties) = preSolution
		HideSolutionNode = FALSE
	EndGlobalSection
	GlobalSection(ExtensibilityGlobals) = postSolution
		SolutionGuid = {FECFE885-716A-4BD8-BE46-6797CAB13303}
	EndGlobalSection
EndGlobal
